<?xml version="1.0" encoding="utf-8"?>
<Project ToolsVersion="4.0" xmlns="http://schemas.microsoft.com/developer/msbuild/2003">
  <ItemGroup>
    <Filter Include="Source Files">
      <UniqueIdentifier>{4FC737F1-C7A5-4376-A066-2A32D752A2FF}</UniqueIdentifier>
      <Extensions>cpp;c;cc;cxx;def;odl;idl;hpj;bat;asm;asmx</Extensions>
    </Filter>
    <Filter Include="Header Files">
      <UniqueIdentifier>{93995380-89BD-4b04-88EB-625FBE52EBFB}</UniqueIdentifier>
      <Extensions>h;hpp;hxx;hm;inl;inc;xsd</Extensions>
    </Filter>
    <Filter Include="Resource Files">
      <UniqueIdentifier>{67DA6AB6-F800-4c08-8B7A-83BB121AAD01}</UniqueIdentifier>
      <Extensions>rc;ico;cur;bmp;dlg;rc2;rct;bin;rgs;gif;jpg;jpeg;jpe;resx;tiff;tif;png;wav;mfcribbon-ms</Extensions>
    </Filter>
    <Filter Include="Hand Modeling">
      <UniqueIdentifier>{8bafa9b4-8d34-4f82-bb0b-dacc7304f565}</UniqueIdentifier>
    </Filter>
    <Filter Include="Hand Modeling\Header Files">
      <UniqueIdentifier>{50bc76eb-25ed-47f9-a8a1-cf6ea76e7805}</UniqueIdentifier>
    </Filter>
    <Filter Include="Hand Modeling\Source Files">
      <UniqueIdentifier>{ce413ed3-1cab-42cb-ba36-03d5edab3833}</UniqueIdentifier>
    </Filter>
  </ItemGroup>
  <ItemGroup>
    <None Include="res\Htouch.rc2">
      <Filter>Resource Files</Filter>
    </None>
    <None Include="res\Htouch.ico">
      <Filter>Resource Files</Filter>
    </None>
  </ItemGroup>
  <ItemGroup>
    <ClInclude Include="Htouch.h">
      <Filter>Header Files</Filter>
    </ClInclude>
    <ClInclude Include="HtouchDlg.h">
      <Filter>Header Files</Filter>
    </ClInclude>
    <ClInclude Include="stdafx.h">
      <Filter>Header Files</Filter>
    </ClInclude>
    <ClInclude Include="targetver.h">
      <Filter>Header Files</Filter>
    </ClInclude>
    <ClInclude Include="Resource.h">
      <Filter>Header Files</Filter>
    </ClInclude>
    <ClInclude Include="camera.h">
      <Filter>Header Files</Filter>
    </ClInclude>
    <ClInclude Include="ConsolePrinter.h">
      <Filter>Header Files</Filter>
    </ClInclude>
    <ClInclude Include="ShowModelPanel.h">
      <Filter>Header Files</Filter>
    </ClInclude>
    <ClInclude Include="Tree.h">
      <Filter>Hand Modeling\Header Files</Filter>
    </ClInclude>
    <ClInclude Include="HandElem.h">
      <Filter>Hand Modeling\Header Files</Filter>
    </ClInclude>
    <ClInclude Include="Tokenizer.h">
      <Filter>Hand Modeling\Header Files</Filter>
    </ClInclude>
    <ClInclude Include="Hand.h">
      <Filter>Hand Modeling\Header Files</Filter>
    </ClInclude>
    <ClInclude Include="HandProjector.h">
      <Filter>Hand Modeling\Header Files</Filter>
    </ClInclude>
    <ClInclude Include="Hand.h">
      <Filter>Header Files</Filter>
    </ClInclude>
    <ClInclude Include="Hand.h">
      <Filter>Header Files</Filter>
    </ClInclude>
    <ClInclude Include="Hand.h">
      <Filter>Header Files</Filter>
    </ClInclude>
    <ClInclude Include="Hand.h">
      <Filter>Header Files</Filter>
    </ClInclude>
    <ClInclude Include="Hand.h">
      <Filter>Hand Modeling\Header Files</Filter>
    </ClInclude>
  </ItemGroup>
  <ItemGroup>
    <ClCompile Include="Htouch.cpp">
      <Filter>Source Files</Filter>
    </ClCompile>
    <ClCompile Include="HtouchDlg.cpp">
      <Filter>Source Files</Filter>
    </ClCompile>
    <ClCompile Include="stdafx.cpp">
      <Filter>Source Files</Filter>
    </ClCompile>
    <ClCompile Include="camera.cpp">
      <Filter>Source Files</Filter>
    </ClCompile>
    <ClCompile Include="ConsolePrinter.cpp">
      <Filter>Source Files</Filter>
    </ClCompile>
    <ClCompile Include="ShowModelPanel.cpp">
      <Filter>Source Files</Filter>
    </ClCompile>
    <ClCompile Include="Hand.cpp">
      <Filter>Hand Modeling\Source Files</Filter>
    </ClCompile>
    <ClCompile Include="Tree.cpp">
      <Filter>Hand Modeling\Source Files</Filter>
    </ClCompile>
    <ClCompile Include="HandElem.cpp">
      <Filter>Hand Modeling\Source Files</Filter>
    </ClCompile>
    <ClCompile Include="Tokenizer.cpp">
      <Filter>Hand Modeling\Source Files</Filter>
    </ClCompile>
    <ClCompile Include="HandProjector.cpp">
      <Filter>Hand Modeling\Source Files</Filter>
    </ClCompile>
  </ItemGroup>
  <ItemGroup>
    <ResourceCompile Include="Htouch.rc">
      <Filter>Resource Files</Filter>
    </ResourceCompile>
  </ItemGroup>
</Project>